
Microsoft Visual Studio Solution File, Format Version 12.00
# Visual Studio Version 16
VisualStudioVersion = 16.0.31025.194
MinimumVisualStudioVersion = 10.0.40219.1
Project("{FAE04EC0-301F-11D3-BF4B-00C04F79EFBC}") = "XFShellDemo.Android", "XFShellDemo.Android\XFShellDemo.Android.csproj", "{122C0FA0-E445-4A2A-A498-0C8541B1E760}"
EndProject
Project("{FAE04EC0-301F-11D3-BF4B-00C04F79EFBC}") = "XFShellDemo.iOS", "XFShellDemo.iOS\XFShellDemo.iOS.csproj", "{BCB5F369-B974-4648-B643-6B87FE457E91}"
EndProject
Project("{FAE04EC0-301F-11D3-BF4B-00C04F79EFBC}") = "XFShellDemo", "XFShellDemo\XFShellDemo.csproj", "{D3B271C7-F19D-4101-BE3C-838411622DC8}"
EndProject
Global
	GlobalSection(SolutionConfigurationPlatforms) = preSolution
		Debug|Any CPU = Debug|Any CPU
		Debug|iPhone = Debug|iPhone
		Debug|iPhoneSimulator = Debug|iPhoneSimulator
		Release|Any CPU = Release|Any CPU
		Release|iPhone = Release|iPhone
		Release|iPhoneSimulator = Release|iPhoneSimulator
	EndGlobalSection
	GlobalSection(ProjectConfigurationPlatforms) = postSolution
		{122C0FA0-E445-4A2A-A498-0C8541B1E760}.Debug|Any CPU.ActiveCfg = Debug|Any CPU
		{122C0FA0-E445-4A2A-A498-0C8541B1E760}.Debug|Any CPU.Build.0 = Debug|Any CPU
		{122C0FA0-E445-4A2A-A498-0C8541B1E760}.Debug|Any CPU.Deploy.0 = Debug|Any CPU
		{122C0FA0-E445-4A2A-A498-0C8541B1E760}.Debug|iPhone.ActiveCfg = Debug|Any CPU
		{122C0FA0-E445-4A2A-A498-0C8541B1E760}.Debug|iPhone.Build.0 = Debug|Any CPU
		{122C0FA0-E445-4A2A-A498-0C8541B1E760}.Debug|iPhone.Deploy.0 = Debug|Any CPU
		{122C0FA0-E445-4A2A-A498-0C8541B1E760}.Debug|iPhoneSimulator.ActiveCfg = Debug|Any CPU
		{122C0FA0-E445-4A2A-A498-0C8541B1E760}.Debug|iPhoneSimulator.Build.0 = Debug|Any CPU
		{122C0FA0-E445-4A2A-A498-0C8541B1E760}.Debug|iPhoneSimulator.Deploy.0 = Debug|Any CPU
		{122C0FA0-E445-4A2A-A498-0C8541B1E760}.Release|Any CPU.ActiveCfg = Release|Any CPU
		{122C0FA0-E445-4A2A-A498-0C8541B1E760}.Release|Any CPU.Build.0 = Release|Any CPU
		{122C0FA0-E445-4A2A-A498-0C8541B1E760}.Release|Any CPU.Deploy.0 = Release|Any CPU
		{122C0FA0-E445-4A2A-A498-0C8541B1E760}.Release|iPhone.ActiveCfg = Release|Any CPU
		{122C0FA0-E445-4A2A-A498-0C8541B1E760}.Release|iPhone.Build.0 = Release|Any CPU
		{122C0FA0-E445-4A2A-A498-0C8541B1E760}.Release|iPhone.Deploy.0 = Release|Any CPU
		{122C0FA0-E445-4A2A-A498-0C8541B1E760}.Release|iPhoneSimulator.ActiveCfg = Release|Any CPU
		{122C0FA0-E445-4A2A-A498-0C8541B1E760}.Release|iPhoneSimulator.Build.0 = Release|Any CPU
		{122C0FA0-E445-4A2A-A498-0C8541B1E760}.Release|iPhoneSimulator.Deploy.0 = Release|Any CPU
		{BCB5F369-B974-4648-B643-6B87FE457E91}.Debug|Any CPU.ActiveCfg = Debug|iPhone
		{BCB5F369-B974-4648-B643-6B87FE457E91}.Debug|Any CPU.Build.0 = Debug|iPhone
		{BCB5F369-B974-4648-B643-6B87FE457E91}.Debug|Any CPU.Deploy.0 = Debug|iPhone
		{BCB5F369-B974-4648-B643-6B87FE457E91}.Debug|iPhone.ActiveCfg = Debug|iPhone
		{BCB5F369-B974-4648-B643-6B87FE457E91}.Debug|iPhone.Build.0 = Debug|iPhone
		{BCB5F369-B974-4648-B643-6B87FE457E91}.Debug|iPhone.Deploy.0 = Debug|iPhone
		{BCB5F369-B974-4648-B643-6B87FE457E91}.Debug|iPhoneSimulator.ActiveCfg = Debug|iPhoneSimulator
		{BCB5F369-B974-4648-B643-6B87FE457E91}.Debug|iPhoneSimulator.Build.0 = Debug|iPhoneSimulator
		{BCB5F369-B974-4648-B643-6B87FE457E91}.Debug|iPhoneSimulator.Deploy.0 = Debug|iPhoneSimulator
		{BCB5F369-B974-4648-B643-6B87FE457E91}.Release|Any CPU.ActiveCfg = Release|iPhoneSimulator
		{BCB5F369-B974-4648-B643-6B87FE457E91}.Release|Any CPU.Build.0 = Release|iPhoneSimulator
		{BCB5F369-B974-4648-B643-6B87FE457E91}.Release|Any CPU.Deploy.0 = Release|iPhoneSimulator
		{BCB5F369-B974-4648-B643-6B87FE457E91}.Release|iPhone.ActiveCfg = Release|iPhone
		{BCB5F369-B974-4648-B643-6B87FE457E91}.Release|iPhone.Build.0 = Release|iPhone
		{BCB5F369-B974-4648-B643-6B87FE457E91}.Release|iPhone.Deploy.0 = Release|iPhone
		{BCB5F369-B974-4648-B643-6B87FE457E91}.Release|iPhoneSimulator.ActiveCfg = Release|iPhoneSimulator
		{BCB5F369-B974-4648-B643-6B87FE457E91}.Release|iPhoneSimulator.Build.0 = Release|iPhoneSimulator
		{BCB5F369-B974-4648-B643-6B87FE457E91}.Release|iPhoneSimulator.Deploy.0 = Release|iPhoneSimulator
		{D3B271C7-F19D-4101-BE3C-838411622DC8}.Debug|Any CPU.ActiveCfg = Debug|Any CPU
		{D3B271C7-F19D-4101-BE3C-838411622DC8}.Debug|Any CPU.Build.0 = Debug|Any CPU
		{D3B271C7-F19D-4101-BE3C-838411622DC8}.Debug|Any CPU.Deploy.0 = Debug|Any CPU
		{D3B271C7-F19D-4101-BE3C-838411622DC8}.Debug|iPhone.ActiveCfg = Debug|Any CPU
		{D3B271C7-F19D-4101-BE3C-838411622DC8}.Debug|iPhone.Build.0 = Debug|Any CPU
		{D3B271C7-F19D-4101-BE3C-838411622DC8}.Debug|iPhone.Deploy.0 = Debug|Any CPU
		{D3B271C7-F19D-4101-BE3C-838411622DC8}.Debug|iPhoneSimulator.ActiveCfg = Debug|Any CPU
		{D3B271C7-F19D-4101-BE3C-838411622DC8}.Debug|iPhoneSimulator.Build.0 = Debug|Any CPU
		{D3B271C7-F19D-4101-BE3C-838411622DC8}.Debug|iPhoneSimulator.Deploy.0 = Debug|Any CPU
		{D3B271C7-F19D-4101-BE3C-838411622DC8}.Release|Any CPU.ActiveCfg = Release|Any CPU
		{D3B271C7-F19D-4101-BE3C-838411622DC8}.Release|Any CPU.Build.0 = Release|Any CPU
		{D3B271C7-F19D-4101-BE3C-838411622DC8}.Release|Any CPU.Deploy.0 = Release|Any CPU
		{D3B271C7-F19D-4101-BE3C-838411622DC8}.Release|iPhone.ActiveCfg = Release|Any CPU
		{D3B271C7-F19D-4101-BE3C-838411622DC8}.Release|iPhone.Build.0 = Release|Any CPU
		{D3B271C7-F19D-4101-BE3C-838411622DC8}.Release|iPhone.Deploy.0 = Release|Any CPU
		{D3B271C7-F19D-4101-BE3C-838411622DC8}.Release|iPhoneSimulator.ActiveCfg = Release|Any CPU
		{D3B271C7-F19D-4101-BE3C-838411622DC8}.Release|iPhoneSimulator.Build.0 = Release|Any CPU
		{D3B271C7-F19D-4101-BE3C-838411622DC8}.Release|iPhoneSimulator.Deploy.0 = Release|Any CPU
	EndGlobalSection
	GlobalSection(SolutionProperties) = preSolution
		HideSolutionNode = FALSE
	EndGlobalSection
	GlobalSection(ExtensibilityGlobals) = postSolution
		SolutionGuid = {D01CB546-B514-480F-9842-7AC77C063965}
	EndGlobalSection
EndGlobal
